
Microsoft Visual Studio Solution File, Format Version 12.00
# Visual Studio 14
VisualStudioVersion = 14.0.25029.0
MinimumVisualStudioVersion = 10.0.40219.1
Project("{FAE04EC0-301F-11D3-BF4B-00C04F79EFBC}") = "AngularJSApp", "AngularJSApp\AngularJSApp.csproj", "{EFB7C7CA-3A55-4399-A929-5CE2C5541E07}"
EndProject
Project("{FAE04EC0-301F-11D3-BF4B-00C04F79EFBC}") = "MVCAngular", "MVCAngular\MVCAngular.csproj", "{5AD49C10-0B25-4D4E-B5F2-5D85E09F4C3B}"
EndProject
Global
	GlobalSection(SolutionConfigurationPlatforms) = preSolution
		Debug|Any CPU = Debug|Any CPU
		Release|Any CPU = Release|Any CPU
	EndGlobalSection
	GlobalSection(ProjectConfigurationPlatforms) = postSolution
		{EFB7C7CA-3A55-4399-A929-5CE2C5541E07}.Debug|Any CPU.ActiveCfg = Debug|Any CPU
		{EFB7C7CA-3A55-4399-A929-5CE2C5541E07}.Debug|Any CPU.Build.0 = Debug|Any CPU
		{EFB7C7CA-3A55-4399-A929-5CE2C5541E07}.Release|Any CPU.ActiveCfg = Release|Any CPU
		{EFB7C7CA-3A55-4399-A929-5CE2C5541E07}.Release|Any CPU.Build.0 = Release|Any CPU
		{5AD49C10-0B25-4D4E-B5F2-5D85E09F4C3B}.Debug|Any CPU.ActiveCfg = Debug|Any CPU
		{5AD49C10-0B25-4D4E-B5F2-5D85E09F4C3B}.Debug|Any CPU.Build.0 = Debug|Any CPU
		{5AD49C10-0B25-4D4E-B5F2-5D85E09F4C3B}.Release|Any CPU.ActiveCfg = Release|Any CPU
		{5AD49C10-0B25-4D4E-B5F2-5D85E09F4C3B}.Release|Any CPU.Build.0 = Release|Any CPU
	EndGlobalSection
	GlobalSection(SolutionProperties) = preSolution
		HideSolutionNode = FALSE
	EndGlobalSection
EndGlobal
